
Microsoft Visual Studio Solution File, Format Version 12.00
# Visual Studio Version 17
VisualStudioVersion = 17.11.35222.181
MinimumVisualStudioVersion = 10.0.40219.1
Project("{FAE04EC0-301F-11D3-BF4B-00C04F79EFBC}") = "SelectionSort", "SelectionSort.csproj", "{3E0E281E-2259-418A-8BC3-427C36DD4F32}"
EndProject
Project("{FAE04EC0-301F-11D3-BF4B-00C04F79EFBC}") = "BubbleSort", "..\BubbleSort\BubbleSort.csproj", "{B01E3409-169E-42A2-8C98-41E088B3C562}"
EndProject
Global
	GlobalSection(SolutionConfigurationPlatforms) = preSolution
		Debug|Any CPU = Debug|Any CPU
		Release|Any CPU = Release|Any CPU
	EndGlobalSection
	GlobalSection(ProjectConfigurationPlatforms) = postSolution
		{3E0E281E-2259-418A-8BC3-427C36DD4F32}.Debug|Any CPU.ActiveCfg = Debug|Any CPU
		{3E0E281E-2259-418A-8BC3-427C36DD4F32}.Debug|Any CPU.Build.0 = Debug|Any CPU
		{3E0E281E-2259-418A-8BC3-427C36DD4F32}.Release|Any CPU.ActiveCfg = Release|Any CPU
		{3E0E281E-2259-418A-8BC3-427C36DD4F32}.Release|Any CPU.Build.0 = Release|Any CPU
		{B01E3409-169E-42A2-8C98-41E088B3C562}.Debug|Any CPU.ActiveCfg = Debug|Any CPU
		{B01E3409-169E-42A2-8C98-41E088B3C562}.Debug|Any CPU.Build.0 = Debug|Any CPU
		{B01E3409-169E-42A2-8C98-41E088B3C562}.Release|Any CPU.ActiveCfg = Release|Any CPU
		{B01E3409-169E-42A2-8C98-41E088B3C562}.Release|Any CPU.Build.0 = Release|Any CPU
	EndGlobalSection
	GlobalSection(SolutionProperties) = preSolution
		HideSolutionNode = FALSE
	EndGlobalSection
	GlobalSection(ExtensibilityGlobals) = postSolution
		SolutionGuid = {156E17C2-ADBC-47C0-8999-24C4918C9944}
	EndGlobalSection
EndGlobal
